
Microsoft Visual Studio Solution File, Format Version 12.00
# Visual Studio 15
VisualStudioVersion = 15.0.27004.2002
MinimumVisualStudioVersion = 10.0.40219.1
Project("{FAE04EC0-301F-11D3-BF4B-00C04F79EFBC}") = "BookStoreBefore", "BookStoreBefore.csproj", "{E93EDFE2-4AA6-4F7B-A13D-42122ED4E1F0}"
EndProject
Global
	GlobalSection(SolutionConfigurationPlatforms) = preSolution
		Debug|x86 = Debug|x86
		Release|x86 = Release|x86
	EndGlobalSection
	GlobalSection(ProjectConfigurationPlatforms) = postSolution
		{E93EDFE2-4AA6-4F7B-A13D-42122ED4E1F0}.Debug|x86.ActiveCfg = Debug|x86
		{E93EDFE2-4AA6-4F7B-A13D-42122ED4E1F0}.Debug|x86.Build.0 = Debug|x86
		{E93EDFE2-4AA6-4F7B-A13D-42122ED4E1F0}.Release|x86.ActiveCfg = Release|x86
		{E93EDFE2-4AA6-4F7B-A13D-42122ED4E1F0}.Release|x86.Build.0 = Release|x86
	EndGlobalSection
	GlobalSection(SolutionProperties) = preSolution
		HideSolutionNode = FALSE
	EndGlobalSection
	GlobalSection(ExtensibilityGlobals) = postSolution
		SolutionGuid = {E85AA7AA-0D31-4670-8A2D-89F0D5242575}
	EndGlobalSection
EndGlobal
